
Microsoft Visual Studio Solution File, Format Version 12.00
# Visual Studio 2012
Project("{FAE04EC0-301F-11D3-BF4B-00C04F79EFBC}") = "MyApp", "MyApp\MyApp\MyApp.csproj", "{B54E2C70-3BDF-4C82-9015-BA917588B83C}"
EndProject
Project("{FAE04EC0-301F-11D3-BF4B-00C04F79EFBC}") = "MyAARLib", "MyAARLib\MyAARLib.csproj", "{20835C38-E135-45C9-AFAE-2D96770C85D6}"
EndProject
Global
	GlobalSection(SolutionConfigurationPlatforms) = preSolution
		Debug|Any CPU = Debug|Any CPU
		Release|Any CPU = Release|Any CPU
	EndGlobalSection
	GlobalSection(ProjectConfigurationPlatforms) = postSolution
		{20835C38-E135-45C9-AFAE-2D96770C85D6}.Debug|Any CPU.ActiveCfg = Debug|Any CPU
		{20835C38-E135-45C9-AFAE-2D96770C85D6}.Debug|Any CPU.Build.0 = Debug|Any CPU
		{20835C38-E135-45C9-AFAE-2D96770C85D6}.Release|Any CPU.ActiveCfg = Release|Any CPU
		{20835C38-E135-45C9-AFAE-2D96770C85D6}.Release|Any CPU.Build.0 = Release|Any CPU
		{B54E2C70-3BDF-4C82-9015-BA917588B83C}.Debug|Any CPU.ActiveCfg = Debug|Any CPU
		{B54E2C70-3BDF-4C82-9015-BA917588B83C}.Debug|Any CPU.Build.0 = Debug|Any CPU
		{B54E2C70-3BDF-4C82-9015-BA917588B83C}.Release|Any CPU.ActiveCfg = Release|Any CPU
		{B54E2C70-3BDF-4C82-9015-BA917588B83C}.Release|Any CPU.Build.0 = Release|Any CPU
	EndGlobalSection
EndGlobal
