
Microsoft Visual Studio Solution File, Format Version 12.00
# Visual Studio 2012
Project("{FAE04EC0-301F-11D3-BF4B-00C04F79EFBC}") = "Test.iOS", "Test.iOS\Test.iOS.csproj", "{B18D9DD8-6036-487B-A7D8-44F97A76870B}"
EndProject
Global
	GlobalSection(SolutionConfigurationPlatforms) = preSolution
		Debug|iPhoneSimulator = Debug|iPhoneSimulator
		Release|iPhone = Release|iPhone
		Release|iPhoneSimulator = Release|iPhoneSimulator
		Debug|iPhone = Debug|iPhone
	EndGlobalSection
	GlobalSection(ProjectConfigurationPlatforms) = postSolution
		{B18D9DD8-6036-487B-A7D8-44F97A76870B}.Debug|iPhone.ActiveCfg = Debug|iPhone
		{B18D9DD8-6036-487B-A7D8-44F97A76870B}.Debug|iPhone.Build.0 = Debug|iPhone
		{B18D9DD8-6036-487B-A7D8-44F97A76870B}.Debug|iPhoneSimulator.ActiveCfg = Debug|iPhoneSimulator
		{B18D9DD8-6036-487B-A7D8-44F97A76870B}.Debug|iPhoneSimulator.Build.0 = Debug|iPhoneSimulator
		{B18D9DD8-6036-487B-A7D8-44F97A76870B}.Release|iPhone.ActiveCfg = Release|iPhone
		{B18D9DD8-6036-487B-A7D8-44F97A76870B}.Release|iPhone.Build.0 = Release|iPhone
		{B18D9DD8-6036-487B-A7D8-44F97A76870B}.Release|iPhoneSimulator.ActiveCfg = Release|iPhoneSimulator
		{B18D9DD8-6036-487B-A7D8-44F97A76870B}.Release|iPhoneSimulator.Build.0 = Release|iPhoneSimulator
	EndGlobalSection
EndGlobal
